
Microsoft Visual Studio Solution File, Format Version 12.00
# Visual Studio Version 17
VisualStudioVersion = 17.3.32819.101
MinimumVisualStudioVersion = 10.0.40219.1
Project("{9A19103F-16F7-4668-BE54-9A1E7A4F7556}") = "ElectronBot.DotNet", "src\ElectronBot.DotNet\ElectronBot.DotNet.csproj", "{8FD16BB5-D953-44CB-8709-A79998337A1C}"
EndProject
Project("{9A19103F-16F7-4668-BE54-9A1E7A4F7556}") = "ElectronBot.Braincase", "src\ElectronBot.Braincase\ElectronBot.Braincase.csproj", "{66DA4526-14E4-4CCA-A7CE-F4566061E38C}"
EndProject
Project("{9A19103F-16F7-4668-BE54-9A1E7A4F7556}") = "Verdure.ElectronBot.Core", "src\ElectronBot.Braincase.Core\Verdure.ElectronBot.Core.csproj", "{DF6F2FCC-F99A-4F3B-A7D1-B793FF477F1A}"
EndProject
Project("{2150E333-8FDC-42A3-9474-1A3956D46DE8}") = "Client", "Client", "{9F74F31F-8D9D-4E35-82A9-50D16B1B5EA3}"
EndProject
Project("{9A19103F-16F7-4668-BE54-9A1E7A4F7556}") = "ElectronBot.Braincase.BgTaskComponent", "src\ElectronBot.Braincase.BgTaskComponent\ElectronBot.Braincase.BgTaskComponent.csproj", "{03BA2503-5F31-45CB-8C42-873618F4EA87}"
EndProject
Project("{9A19103F-16F7-4668-BE54-9A1E7A4F7556}") = "Mediapipe.Net", "src\Mediapipe.Net\Mediapipe.Net.csproj", "{C017AF7A-B69D-4A70-BA6C-15501E6EDAEC}"
EndProject
Project("{9A19103F-16F7-4668-BE54-9A1E7A4F7556}") = "GestureClassification", "src\GestureClassification\GestureClassification.csproj", "{A0D30D71-687D-44C7-A932-D9F15F001B71}"
EndProject
Project("{9A19103F-16F7-4668-BE54-9A1E7A4F7556}") = "Verdure.NotificationArea", "src\Verdure.NotificationArea\Verdure.NotificationArea.csproj", "{2DD1EED6-1778-41DF-9E0D-EC23C99416B4}"
EndProject
Project("{9A19103F-16F7-4668-BE54-9A1E7A4F7556}") = "ElectronBot.Copilot", "src\ElectronBot.Copilot\ElectronBot.Copilot.csproj", "{066FC203-FAD3-46D9-95A9-30FB6AE41583}"
EndProject
Project("{9A19103F-16F7-4668-BE54-9A1E7A4F7556}") = "HelloWordKeyboard.DotNet", "src\HelloWordKeyboard.DotNet\HelloWordKeyboard.DotNet.csproj", "{D416CD59-E9AC-4726-9CDE-1D8A4F256A9B}"
EndProject
Project("{9A19103F-16F7-4668-BE54-9A1E7A4F7556}") = "HelloWordKeyboard.ConsoleApp", "src\HelloWordKeyboard.ConsoleApp\HelloWordKeyboard.ConsoleApp.csproj", "{BF25733C-E01B-4611-B8AA-97A853F3E8FD}"
EndProject
Project("{9A19103F-16F7-4668-BE54-9A1E7A4F7556}") = "Verdure.Braincase.Controls", "src\Verdure.Braincase.Controls\Verdure.Braincase.Controls.csproj", "{9D919E13-0BC5-4A9E-A267-84AD7BCD5976}"
EndProject
Project("{9A19103F-16F7-4668-BE54-9A1E7A4F7556}") = "Verdure.IoT.Net", "src\Verdure.IoT.Net\Verdure.IoT.Net.csproj", "{73621DB4-E32F-477B-86BB-9C03C048F1EA}"
EndProject
Project("{FAE04EC0-301F-11D3-BF4B-00C04F79EFBC}") = "ElectronBot.DotNet.WinUsb", "src\ElectronBot.DotNet.WinUsb\ElectronBot.DotNet.WinUsb.csproj", "{B08EB606-B9C8-4291-96BD-AC027092625C}"
EndProject
Project("{FAE04EC0-301F-11D3-BF4B-00C04F79EFBC}") = "ElectronBot.DotNet.LibUsb", "src\ElectronBot.DotNet.LibUsb\ElectronBot.DotNet.LibUsb.csproj", "{4A9E0A47-6386-45F2-84FF-3ACEC37B6A8E}"
EndProject
Global
	GlobalSection(SolutionConfigurationPlatforms) = preSolution
		Debug|Any CPU = Debug|Any CPU
		Debug|arm64 = Debug|arm64
		Debug|x64 = Debug|x64
		Debug|x86 = Debug|x86
		Release|Any CPU = Release|Any CPU
		Release|arm64 = Release|arm64
		Release|x64 = Release|x64
		Release|x86 = Release|x86
	EndGlobalSection
	GlobalSection(ProjectConfigurationPlatforms) = postSolution
		{8FD16BB5-D953-44CB-8709-A79998337A1C}.Debug|Any CPU.ActiveCfg = Debug|Any CPU
		{8FD16BB5-D953-44CB-8709-A79998337A1C}.Debug|Any CPU.Build.0 = Debug|Any CPU
		{8FD16BB5-D953-44CB-8709-A79998337A1C}.Debug|arm64.ActiveCfg = Debug|Any CPU
		{8FD16BB5-D953-44CB-8709-A79998337A1C}.Debug|arm64.Build.0 = Debug|Any CPU
		{8FD16BB5-D953-44CB-8709-A79998337A1C}.Debug|x64.ActiveCfg = Debug|Any CPU
		{8FD16BB5-D953-44CB-8709-A79998337A1C}.Debug|x64.Build.0 = Debug|Any CPU
		{8FD16BB5-D953-44CB-8709-A79998337A1C}.Debug|x86.ActiveCfg = Debug|Any CPU
		{8FD16BB5-D953-44CB-8709-A79998337A1C}.Debug|x86.Build.0 = Debug|Any CPU
		{8FD16BB5-D953-44CB-8709-A79998337A1C}.Release|Any CPU.ActiveCfg = Release|Any CPU
		{8FD16BB5-D953-44CB-8709-A79998337A1C}.Release|Any CPU.Build.0 = Release|Any CPU
		{8FD16BB5-D953-44CB-8709-A79998337A1C}.Release|arm64.ActiveCfg = Release|Any CPU
		{8FD16BB5-D953-44CB-8709-A79998337A1C}.Release|arm64.Build.0 = Release|Any CPU
		{8FD16BB5-D953-44CB-8709-A79998337A1C}.Release|x64.ActiveCfg = Release|Any CPU
		{8FD16BB5-D953-44CB-8709-A79998337A1C}.Release|x64.Build.0 = Release|Any CPU
		{8FD16BB5-D953-44CB-8709-A79998337A1C}.Release|x86.ActiveCfg = Release|Any CPU
		{8FD16BB5-D953-44CB-8709-A79998337A1C}.Release|x86.Build.0 = Release|Any CPU
		{66DA4526-14E4-4CCA-A7CE-F4566061E38C}.Debug|Any CPU.ActiveCfg = Debug|x64
		{66DA4526-14E4-4CCA-A7CE-F4566061E38C}.Debug|Any CPU.Build.0 = Debug|x64
		{66DA4526-14E4-4CCA-A7CE-F4566061E38C}.Debug|Any CPU.Deploy.0 = Debug|x64
		{66DA4526-14E4-4CCA-A7CE-F4566061E38C}.Debug|arm64.ActiveCfg = Debug|arm64
		{66DA4526-14E4-4CCA-A7CE-F4566061E38C}.Debug|arm64.Build.0 = Debug|arm64
		{66DA4526-14E4-4CCA-A7CE-F4566061E38C}.Debug|arm64.Deploy.0 = Debug|arm64
		{66DA4526-14E4-4CCA-A7CE-F4566061E38C}.Debug|x64.ActiveCfg = Debug|x64
		{66DA4526-14E4-4CCA-A7CE-F4566061E38C}.Debug|x64.Build.0 = Debug|x64
		{66DA4526-14E4-4CCA-A7CE-F4566061E38C}.Debug|x64.Deploy.0 = Debug|x64
		{66DA4526-14E4-4CCA-A7CE-F4566061E38C}.Debug|x86.ActiveCfg = Debug|x86
		{66DA4526-14E4-4CCA-A7CE-F4566061E38C}.Debug|x86.Build.0 = Debug|x86
		{66DA4526-14E4-4CCA-A7CE-F4566061E38C}.Debug|x86.Deploy.0 = Debug|x86
		{66DA4526-14E4-4CCA-A7CE-F4566061E38C}.Release|Any CPU.ActiveCfg = Release|x64
		{66DA4526-14E4-4CCA-A7CE-F4566061E38C}.Release|Any CPU.Build.0 = Release|x64
		{66DA4526-14E4-4CCA-A7CE-F4566061E38C}.Release|Any CPU.Deploy.0 = Release|x64
		{66DA4526-14E4-4CCA-A7CE-F4566061E38C}.Release|arm64.ActiveCfg = Release|arm64
		{66DA4526-14E4-4CCA-A7CE-F4566061E38C}.Release|arm64.Build.0 = Release|arm64
		{66DA4526-14E4-4CCA-A7CE-F4566061E38C}.Release|arm64.Deploy.0 = Release|arm64
		{66DA4526-14E4-4CCA-A7CE-F4566061E38C}.Release|x64.ActiveCfg = Release|x64
		{66DA4526-14E4-4CCA-A7CE-F4566061E38C}.Release|x64.Build.0 = Release|x64
		{66DA4526-14E4-4CCA-A7CE-F4566061E38C}.Release|x64.Deploy.0 = Release|x64
		{66DA4526-14E4-4CCA-A7CE-F4566061E38C}.Release|x86.ActiveCfg = Release|x86
		{66DA4526-14E4-4CCA-A7CE-F4566061E38C}.Release|x86.Build.0 = Release|x86
		{66DA4526-14E4-4CCA-A7CE-F4566061E38C}.Release|x86.Deploy.0 = Release|x86
		{DF6F2FCC-F99A-4F3B-A7D1-B793FF477F1A}.Debug|Any CPU.ActiveCfg = Debug|Any CPU
		{DF6F2FCC-F99A-4F3B-A7D1-B793FF477F1A}.Debug|Any CPU.Build.0 = Debug|Any CPU
		{DF6F2FCC-F99A-4F3B-A7D1-B793FF477F1A}.Debug|arm64.ActiveCfg = Debug|arm64
		{DF6F2FCC-F99A-4F3B-A7D1-B793FF477F1A}.Debug|arm64.Build.0 = Debug|arm64
		{DF6F2FCC-F99A-4F3B-A7D1-B793FF477F1A}.Debug|x64.ActiveCfg = Debug|Any CPU
		{DF6F2FCC-F99A-4F3B-A7D1-B793FF477F1A}.Debug|x64.Build.0 = Debug|Any CPU
		{DF6F2FCC-F99A-4F3B-A7D1-B793FF477F1A}.Debug|x86.ActiveCfg = Debug|x86
		{DF6F2FCC-F99A-4F3B-A7D1-B793FF477F1A}.Debug|x86.Build.0 = Debug|x86
		{DF6F2FCC-F99A-4F3B-A7D1-B793FF477F1A}.Release|Any CPU.ActiveCfg = Release|Any CPU
		{DF6F2FCC-F99A-4F3B-A7D1-B793FF477F1A}.Release|Any CPU.Build.0 = Release|Any CPU
		{DF6F2FCC-F99A-4F3B-A7D1-B793FF477F1A}.Release|arm64.ActiveCfg = Release|Any CPU
		{DF6F2FCC-F99A-4F3B-A7D1-B793FF477F1A}.Release|arm64.Build.0 = Release|Any CPU
		{DF6F2FCC-F99A-4F3B-A7D1-B793FF477F1A}.Release|x64.ActiveCfg = Release|Any CPU
		{DF6F2FCC-F99A-4F3B-A7D1-B793FF477F1A}.Release|x64.Build.0 = Release|Any CPU
		{DF6F2FCC-F99A-4F3B-A7D1-B793FF477F1A}.Release|x86.ActiveCfg = Release|x86
		{DF6F2FCC-F99A-4F3B-A7D1-B793FF477F1A}.Release|x86.Build.0 = Release|x86
		{03BA2503-5F31-45CB-8C42-873618F4EA87}.Debug|Any CPU.ActiveCfg = Debug|Any CPU
		{03BA2503-5F31-45CB-8C42-873618F4EA87}.Debug|Any CPU.Build.0 = Debug|Any CPU
		{03BA2503-5F31-45CB-8C42-873618F4EA87}.Debug|arm64.ActiveCfg = Debug|x64
		{03BA2503-5F31-45CB-8C42-873618F4EA87}.Debug|arm64.Build.0 = Debug|x64
		{03BA2503-5F31-45CB-8C42-873618F4EA87}.Debug|x64.ActiveCfg = Debug|x64
		{03BA2503-5F31-45CB-8C42-873618F4EA87}.Debug|x64.Build.0 = Debug|x64
		{03BA2503-5F31-45CB-8C42-873618F4EA87}.Debug|x86.ActiveCfg = Debug|Any CPU
		{03BA2503-5F31-45CB-8C42-873618F4EA87}.Debug|x86.Build.0 = Debug|Any CPU
		{03BA2503-5F31-45CB-8C42-873618F4EA87}.Release|Any CPU.ActiveCfg = Release|Any CPU
		{03BA2503-5F31-45CB-8C42-873618F4EA87}.Release|Any CPU.Build.0 = Release|Any CPU
		{03BA2503-5F31-45CB-8C42-873618F4EA87}.Release|arm64.ActiveCfg = Release|Any CPU
		{03BA2503-5F31-45CB-8C42-873618F4EA87}.Release|arm64.Build.0 = Release|Any CPU
		{03BA2503-5F31-45CB-8C42-873618F4EA87}.Release|x64.ActiveCfg = Release|Any CPU
		{03BA2503-5F31-45CB-8C42-873618F4EA87}.Release|x64.Build.0 = Release|Any CPU
		{03BA2503-5F31-45CB-8C42-873618F4EA87}.Release|x86.ActiveCfg = Release|Any CPU
		{03BA2503-5F31-45CB-8C42-873618F4EA87}.Release|x86.Build.0 = Release|Any CPU
		{C017AF7A-B69D-4A70-BA6C-15501E6EDAEC}.Debug|Any CPU.ActiveCfg = Debug|Any CPU
		{C017AF7A-B69D-4A70-BA6C-15501E6EDAEC}.Debug|Any CPU.Build.0 = Debug|Any CPU
		{C017AF7A-B69D-4A70-BA6C-15501E6EDAEC}.Debug|arm64.ActiveCfg = Debug|Any CPU
		{C017AF7A-B69D-4A70-BA6C-15501E6EDAEC}.Debug|arm64.Build.0 = Debug|Any CPU
		{C017AF7A-B69D-4A70-BA6C-15501E6EDAEC}.Debug|x64.ActiveCfg = Debug|Any CPU
		{C017AF7A-B69D-4A70-BA6C-15501E6EDAEC}.Debug|x64.Build.0 = Debug|Any CPU
		{C017AF7A-B69D-4A70-BA6C-15501E6EDAEC}.Debug|x86.ActiveCfg = Debug|Any CPU
		{C017AF7A-B69D-4A70-BA6C-15501E6EDAEC}.Debug|x86.Build.0 = Debug|Any CPU
		{C017AF7A-B69D-4A70-BA6C-15501E6EDAEC}.Release|Any CPU.ActiveCfg = Release|Any CPU
		{C017AF7A-B69D-4A70-BA6C-15501E6EDAEC}.Release|Any CPU.Build.0 = Release|Any CPU
		{C017AF7A-B69D-4A70-BA6C-15501E6EDAEC}.Release|arm64.ActiveCfg = Release|Any CPU
		{C017AF7A-B69D-4A70-BA6C-15501E6EDAEC}.Release|arm64.Build.0 = Release|Any CPU
		{C017AF7A-B69D-4A70-BA6C-15501E6EDAEC}.Release|x64.ActiveCfg = Release|Any CPU
		{C017AF7A-B69D-4A70-BA6C-15501E6EDAEC}.Release|x64.Build.0 = Release|Any CPU
		{C017AF7A-B69D-4A70-BA6C-15501E6EDAEC}.Release|x86.ActiveCfg = Release|Any CPU
		{C017AF7A-B69D-4A70-BA6C-15501E6EDAEC}.Release|x86.Build.0 = Release|Any CPU
		{A0D30D71-687D-44C7-A932-D9F15F001B71}.Debug|Any CPU.ActiveCfg = Debug|Any CPU
		{A0D30D71-687D-44C7-A932-D9F15F001B71}.Debug|Any CPU.Build.0 = Debug|Any CPU
		{A0D30D71-687D-44C7-A932-D9F15F001B71}.Debug|arm64.ActiveCfg = Debug|Any CPU
		{A0D30D71-687D-44C7-A932-D9F15F001B71}.Debug|arm64.Build.0 = Debug|Any CPU
		{A0D30D71-687D-44C7-A932-D9F15F001B71}.Debug|x64.ActiveCfg = Debug|Any CPU
		{A0D30D71-687D-44C7-A932-D9F15F001B71}.Debug|x64.Build.0 = Debug|Any CPU
		{A0D30D71-687D-44C7-A932-D9F15F001B71}.Debug|x86.ActiveCfg = Debug|Any CPU
		{A0D30D71-687D-44C7-A932-D9F15F001B71}.Debug|x86.Build.0 = Debug|Any CPU
		{A0D30D71-687D-44C7-A932-D9F15F001B71}.Release|Any CPU.ActiveCfg = Release|Any CPU
		{A0D30D71-687D-44C7-A932-D9F15F001B71}.Release|Any CPU.Build.0 = Release|Any CPU
		{A0D30D71-687D-44C7-A932-D9F15F001B71}.Release|arm64.ActiveCfg = Release|Any CPU
		{A0D30D71-687D-44C7-A932-D9F15F001B71}.Release|arm64.Build.0 = Release|Any CPU
		{A0D30D71-687D-44C7-A932-D9F15F001B71}.Release|x64.ActiveCfg = Release|Any CPU
		{A0D30D71-687D-44C7-A932-D9F15F001B71}.Release|x64.Build.0 = Release|Any CPU
		{A0D30D71-687D-44C7-A932-D9F15F001B71}.Release|x86.ActiveCfg = Release|Any CPU
		{A0D30D71-687D-44C7-A932-D9F15F001B71}.Release|x86.Build.0 = Release|Any CPU
		{2DD1EED6-1778-41DF-9E0D-EC23C99416B4}.Debug|Any CPU.ActiveCfg = Debug|Any CPU
		{2DD1EED6-1778-41DF-9E0D-EC23C99416B4}.Debug|Any CPU.Build.0 = Debug|Any CPU
		{2DD1EED6-1778-41DF-9E0D-EC23C99416B4}.Debug|arm64.ActiveCfg = Debug|Any CPU
		{2DD1EED6-1778-41DF-9E0D-EC23C99416B4}.Debug|arm64.Build.0 = Debug|Any CPU
		{2DD1EED6-1778-41DF-9E0D-EC23C99416B4}.Debug|x64.ActiveCfg = Debug|Any CPU
		{2DD1EED6-1778-41DF-9E0D-EC23C99416B4}.Debug|x64.Build.0 = Debug|Any CPU
		{2DD1EED6-1778-41DF-9E0D-EC23C99416B4}.Debug|x86.ActiveCfg = Debug|Any CPU
		{2DD1EED6-1778-41DF-9E0D-EC23C99416B4}.Debug|x86.Build.0 = Debug|Any CPU
		{2DD1EED6-1778-41DF-9E0D-EC23C99416B4}.Release|Any CPU.ActiveCfg = Release|Any CPU
		{2DD1EED6-1778-41DF-9E0D-EC23C99416B4}.Release|Any CPU.Build.0 = Release|Any CPU
		{2DD1EED6-1778-41DF-9E0D-EC23C99416B4}.Release|arm64.ActiveCfg = Release|Any CPU
		{2DD1EED6-1778-41DF-9E0D-EC23C99416B4}.Release|arm64.Build.0 = Release|Any CPU
		{2DD1EED6-1778-41DF-9E0D-EC23C99416B4}.Release|x64.ActiveCfg = Release|Any CPU
		{2DD1EED6-1778-41DF-9E0D-EC23C99416B4}.Release|x64.Build.0 = Release|Any CPU
		{2DD1EED6-1778-41DF-9E0D-EC23C99416B4}.Release|x86.ActiveCfg = Release|Any CPU
		{2DD1EED6-1778-41DF-9E0D-EC23C99416B4}.Release|x86.Build.0 = Release|Any CPU
		{066FC203-FAD3-46D9-95A9-30FB6AE41583}.Debug|Any CPU.ActiveCfg = Debug|Any CPU
		{066FC203-FAD3-46D9-95A9-30FB6AE41583}.Debug|Any CPU.Build.0 = Debug|Any CPU
		{066FC203-FAD3-46D9-95A9-30FB6AE41583}.Debug|arm64.ActiveCfg = Debug|Any CPU
		{066FC203-FAD3-46D9-95A9-30FB6AE41583}.Debug|arm64.Build.0 = Debug|Any CPU
		{066FC203-FAD3-46D9-95A9-30FB6AE41583}.Debug|x64.ActiveCfg = Debug|Any CPU
		{066FC203-FAD3-46D9-95A9-30FB6AE41583}.Debug|x64.Build.0 = Debug|Any CPU
		{066FC203-FAD3-46D9-95A9-30FB6AE41583}.Debug|x86.ActiveCfg = Debug|Any CPU
		{066FC203-FAD3-46D9-95A9-30FB6AE41583}.Debug|x86.Build.0 = Debug|Any CPU
		{066FC203-FAD3-46D9-95A9-30FB6AE41583}.Release|Any CPU.ActiveCfg = Release|Any CPU
		{066FC203-FAD3-46D9-95A9-30FB6AE41583}.Release|Any CPU.Build.0 = Release|Any CPU
		{066FC203-FAD3-46D9-95A9-30FB6AE41583}.Release|arm64.ActiveCfg = Release|Any CPU
		{066FC203-FAD3-46D9-95A9-30FB6AE41583}.Release|arm64.Build.0 = Release|Any CPU
		{066FC203-FAD3-46D9-95A9-30FB6AE41583}.Release|x64.ActiveCfg = Release|Any CPU
		{066FC203-FAD3-46D9-95A9-30FB6AE41583}.Release|x64.Build.0 = Release|Any CPU
		{066FC203-FAD3-46D9-95A9-30FB6AE41583}.Release|x86.ActiveCfg = Release|Any CPU
		{066FC203-FAD3-46D9-95A9-30FB6AE41583}.Release|x86.Build.0 = Release|Any CPU
		{D416CD59-E9AC-4726-9CDE-1D8A4F256A9B}.Debug|Any CPU.ActiveCfg = Debug|Any CPU
		{D416CD59-E9AC-4726-9CDE-1D8A4F256A9B}.Debug|Any CPU.Build.0 = Debug|Any CPU
		{D416CD59-E9AC-4726-9CDE-1D8A4F256A9B}.Debug|arm64.ActiveCfg = Debug|Any CPU
		{D416CD59-E9AC-4726-9CDE-1D8A4F256A9B}.Debug|arm64.Build.0 = Debug|Any CPU
		{D416CD59-E9AC-4726-9CDE-1D8A4F256A9B}.Debug|x64.ActiveCfg = Debug|Any CPU
		{D416CD59-E9AC-4726-9CDE-1D8A4F256A9B}.Debug|x64.Build.0 = Debug|Any CPU
		{D416CD59-E9AC-4726-9CDE-1D8A4F256A9B}.Debug|x86.ActiveCfg = Debug|Any CPU
		{D416CD59-E9AC-4726-9CDE-1D8A4F256A9B}.Debug|x86.Build.0 = Debug|Any CPU
		{D416CD59-E9AC-4726-9CDE-1D8A4F256A9B}.Release|Any CPU.ActiveCfg = Release|Any CPU
		{D416CD59-E9AC-4726-9CDE-1D8A4F256A9B}.Release|Any CPU.Build.0 = Release|Any CPU
		{D416CD59-E9AC-4726-9CDE-1D8A4F256A9B}.Release|arm64.ActiveCfg = Release|Any CPU
		{D416CD59-E9AC-4726-9CDE-1D8A4F256A9B}.Release|arm64.Build.0 = Release|Any CPU
		{D416CD59-E9AC-4726-9CDE-1D8A4F256A9B}.Release|x64.ActiveCfg = Release|Any CPU
		{D416CD59-E9AC-4726-9CDE-1D8A4F256A9B}.Release|x64.Build.0 = Release|Any CPU
		{D416CD59-E9AC-4726-9CDE-1D8A4F256A9B}.Release|x86.ActiveCfg = Release|Any CPU
		{D416CD59-E9AC-4726-9CDE-1D8A4F256A9B}.Release|x86.Build.0 = Release|Any CPU
		{BF25733C-E01B-4611-B8AA-97A853F3E8FD}.Debug|Any CPU.ActiveCfg = Debug|Any CPU
		{BF25733C-E01B-4611-B8AA-97A853F3E8FD}.Debug|Any CPU.Build.0 = Debug|Any CPU
		{BF25733C-E01B-4611-B8AA-97A853F3E8FD}.Debug|arm64.ActiveCfg = Debug|Any CPU
		{BF25733C-E01B-4611-B8AA-97A853F3E8FD}.Debug|arm64.Build.0 = Debug|Any CPU
		{BF25733C-E01B-4611-B8AA-97A853F3E8FD}.Debug|x64.ActiveCfg = Debug|Any CPU
		{BF25733C-E01B-4611-B8AA-97A853F3E8FD}.Debug|x64.Build.0 = Debug|Any CPU
		{BF25733C-E01B-4611-B8AA-97A853F3E8FD}.Debug|x86.ActiveCfg = Debug|Any CPU
		{BF25733C-E01B-4611-B8AA-97A853F3E8FD}.Debug|x86.Build.0 = Debug|Any CPU
		{BF25733C-E01B-4611-B8AA-97A853F3E8FD}.Release|Any CPU.ActiveCfg = Release|Any CPU
		{BF25733C-E01B-4611-B8AA-97A853F3E8FD}.Release|Any CPU.Build.0 = Release|Any CPU
		{BF25733C-E01B-4611-B8AA-97A853F3E8FD}.Release|arm64.ActiveCfg = Release|Any CPU
		{BF25733C-E01B-4611-B8AA-97A853F3E8FD}.Release|arm64.Build.0 = Release|Any CPU
		{BF25733C-E01B-4611-B8AA-97A853F3E8FD}.Release|x64.ActiveCfg = Release|Any CPU
		{BF25733C-E01B-4611-B8AA-97A853F3E8FD}.Release|x64.Build.0 = Release|Any CPU
		{BF25733C-E01B-4611-B8AA-97A853F3E8FD}.Release|x86.ActiveCfg = Release|Any CPU
		{BF25733C-E01B-4611-B8AA-97A853F3E8FD}.Release|x86.Build.0 = Release|Any CPU
		{9D919E13-0BC5-4A9E-A267-84AD7BCD5976}.Debug|Any CPU.ActiveCfg = Debug|Any CPU
		{9D919E13-0BC5-4A9E-A267-84AD7BCD5976}.Debug|Any CPU.Build.0 = Debug|Any CPU
		{9D919E13-0BC5-4A9E-A267-84AD7BCD5976}.Debug|arm64.ActiveCfg = Debug|Any CPU
		{9D919E13-0BC5-4A9E-A267-84AD7BCD5976}.Debug|arm64.Build.0 = Debug|Any CPU
		{9D919E13-0BC5-4A9E-A267-84AD7BCD5976}.Debug|x64.ActiveCfg = Debug|Any CPU
		{9D919E13-0BC5-4A9E-A267-84AD7BCD5976}.Debug|x64.Build.0 = Debug|Any CPU
		{9D919E13-0BC5-4A9E-A267-84AD7BCD5976}.Debug|x86.ActiveCfg = Debug|Any CPU
		{9D919E13-0BC5-4A9E-A267-84AD7BCD5976}.Debug|x86.Build.0 = Debug|Any CPU
		{9D919E13-0BC5-4A9E-A267-84AD7BCD5976}.Release|Any CPU.ActiveCfg = Release|Any CPU
		{9D919E13-0BC5-4A9E-A267-84AD7BCD5976}.Release|Any CPU.Build.0 = Release|Any CPU
		{9D919E13-0BC5-4A9E-A267-84AD7BCD5976}.Release|arm64.ActiveCfg = Release|Any CPU
		{9D919E13-0BC5-4A9E-A267-84AD7BCD5976}.Release|arm64.Build.0 = Release|Any CPU
		{9D919E13-0BC5-4A9E-A267-84AD7BCD5976}.Release|x64.ActiveCfg = Release|Any CPU
		{9D919E13-0BC5-4A9E-A267-84AD7BCD5976}.Release|x64.Build.0 = Release|Any CPU
		{9D919E13-0BC5-4A9E-A267-84AD7BCD5976}.Release|x86.ActiveCfg = Release|Any CPU
		{9D919E13-0BC5-4A9E-A267-84AD7BCD5976}.Release|x86.Build.0 = Release|Any CPU
		{73621DB4-E32F-477B-86BB-9C03C048F1EA}.Debug|Any CPU.ActiveCfg = Debug|Any CPU
		{73621DB4-E32F-477B-86BB-9C03C048F1EA}.Debug|Any CPU.Build.0 = Debug|Any CPU
		{73621DB4-E32F-477B-86BB-9C03C048F1EA}.Debug|arm64.ActiveCfg = Debug|Any CPU
		{73621DB4-E32F-477B-86BB-9C03C048F1EA}.Debug|arm64.Build.0 = Debug|Any CPU
		{73621DB4-E32F-477B-86BB-9C03C048F1EA}.Debug|x64.ActiveCfg = Debug|Any CPU
		{73621DB4-E32F-477B-86BB-9C03C048F1EA}.Debug|x64.Build.0 = Debug|Any CPU
		{73621DB4-E32F-477B-86BB-9C03C048F1EA}.Debug|x86.ActiveCfg = Debug|Any CPU
		{73621DB4-E32F-477B-86BB-9C03C048F1EA}.Debug|x86.Build.0 = Debug|Any CPU
		{73621DB4-E32F-477B-86BB-9C03C048F1EA}.Release|Any CPU.ActiveCfg = Release|Any CPU
		{73621DB4-E32F-477B-86BB-9C03C048F1EA}.Release|Any CPU.Build.0 = Release|Any CPU
		{73621DB4-E32F-477B-86BB-9C03C048F1EA}.Release|arm64.ActiveCfg = Release|Any CPU
		{73621DB4-E32F-477B-86BB-9C03C048F1EA}.Release|arm64.Build.0 = Release|Any CPU
		{73621DB4-E32F-477B-86BB-9C03C048F1EA}.Release|x64.ActiveCfg = Release|Any CPU
		{73621DB4-E32F-477B-86BB-9C03C048F1EA}.Release|x64.Build.0 = Release|Any CPU
		{73621DB4-E32F-477B-86BB-9C03C048F1EA}.Release|x86.ActiveCfg = Release|Any CPU
		{73621DB4-E32F-477B-86BB-9C03C048F1EA}.Release|x86.Build.0 = Release|Any CPU
		{B08EB606-B9C8-4291-96BD-AC027092625C}.Debug|Any CPU.ActiveCfg = Debug|Any CPU
		{B08EB606-B9C8-4291-96BD-AC027092625C}.Debug|Any CPU.Build.0 = Debug|Any CPU
		{B08EB606-B9C8-4291-96BD-AC027092625C}.Debug|arm64.ActiveCfg = Debug|Any CPU
		{B08EB606-B9C8-4291-96BD-AC027092625C}.Debug|arm64.Build.0 = Debug|Any CPU
		{B08EB606-B9C8-4291-96BD-AC027092625C}.Debug|x64.ActiveCfg = Debug|Any CPU
		{B08EB606-B9C8-4291-96BD-AC027092625C}.Debug|x64.Build.0 = Debug|Any CPU
		{B08EB606-B9C8-4291-96BD-AC027092625C}.Debug|x86.ActiveCfg = Debug|Any CPU
		{B08EB606-B9C8-4291-96BD-AC027092625C}.Debug|x86.Build.0 = Debug|Any CPU
		{B08EB606-B9C8-4291-96BD-AC027092625C}.Release|Any CPU.ActiveCfg = Release|Any CPU
		{B08EB606-B9C8-4291-96BD-AC027092625C}.Release|Any CPU.Build.0 = Release|Any CPU
		{B08EB606-B9C8-4291-96BD-AC027092625C}.Release|arm64.ActiveCfg = Release|Any CPU
		{B08EB606-B9C8-4291-96BD-AC027092625C}.Release|arm64.Build.0 = Release|Any CPU
		{B08EB606-B9C8-4291-96BD-AC027092625C}.Release|x64.ActiveCfg = Release|Any CPU
		{B08EB606-B9C8-4291-96BD-AC027092625C}.Release|x64.Build.0 = Release|Any CPU
		{B08EB606-B9C8-4291-96BD-AC027092625C}.Release|x86.ActiveCfg = Release|Any CPU
		{B08EB606-B9C8-4291-96BD-AC027092625C}.Release|x86.Build.0 = Release|Any CPU
		{4A9E0A47-6386-45F2-84FF-3ACEC37B6A8E}.Debug|Any CPU.ActiveCfg = Debug|Any CPU
		{4A9E0A47-6386-45F2-84FF-3ACEC37B6A8E}.Debug|Any CPU.Build.0 = Debug|Any CPU
		{4A9E0A47-6386-45F2-84FF-3ACEC37B6A8E}.Debug|arm64.ActiveCfg = Debug|Any CPU
		{4A9E0A47-6386-45F2-84FF-3ACEC37B6A8E}.Debug|arm64.Build.0 = Debug|Any CPU
		{4A9E0A47-6386-45F2-84FF-3ACEC37B6A8E}.Debug|x64.ActiveCfg = Debug|Any CPU
		{4A9E0A47-6386-45F2-84FF-3ACEC37B6A8E}.Debug|x64.Build.0 = Debug|Any CPU
		{4A9E0A47-6386-45F2-84FF-3ACEC37B6A8E}.Debug|x86.ActiveCfg = Debug|Any CPU
		{4A9E0A47-6386-45F2-84FF-3ACEC37B6A8E}.Debug|x86.Build.0 = Debug|Any CPU
		{4A9E0A47-6386-45F2-84FF-3ACEC37B6A8E}.Release|Any CPU.ActiveCfg = Release|Any CPU
		{4A9E0A47-6386-45F2-84FF-3ACEC37B6A8E}.Release|Any CPU.Build.0 = Release|Any CPU
		{4A9E0A47-6386-45F2-84FF-3ACEC37B6A8E}.Release|arm64.ActiveCfg = Release|Any CPU
		{4A9E0A47-6386-45F2-84FF-3ACEC37B6A8E}.Release|arm64.Build.0 = Release|Any CPU
		{4A9E0A47-6386-45F2-84FF-3ACEC37B6A8E}.Release|x64.ActiveCfg = Release|Any CPU
		{4A9E0A47-6386-45F2-84FF-3ACEC37B6A8E}.Release|x64.Build.0 = Release|Any CPU
		{4A9E0A47-6386-45F2-84FF-3ACEC37B6A8E}.Release|x86.ActiveCfg = Release|Any CPU
		{4A9E0A47-6386-45F2-84FF-3ACEC37B6A8E}.Release|x86.Build.0 = Release|Any CPU
	EndGlobalSection
	GlobalSection(SolutionProperties) = preSolution
		HideSolutionNode = FALSE
	EndGlobalSection
	GlobalSection(NestedProjects) = preSolution
		{66DA4526-14E4-4CCA-A7CE-F4566061E38C} = {9F74F31F-8D9D-4E35-82A9-50D16B1B5EA3}
		{03BA2503-5F31-45CB-8C42-873618F4EA87} = {9F74F31F-8D9D-4E35-82A9-50D16B1B5EA3}
		{C017AF7A-B69D-4A70-BA6C-15501E6EDAEC} = {9F74F31F-8D9D-4E35-82A9-50D16B1B5EA3}
		{A0D30D71-687D-44C7-A932-D9F15F001B71} = {9F74F31F-8D9D-4E35-82A9-50D16B1B5EA3}
		{066FC203-FAD3-46D9-95A9-30FB6AE41583} = {9F74F31F-8D9D-4E35-82A9-50D16B1B5EA3}
		{9D919E13-0BC5-4A9E-A267-84AD7BCD5976} = {9F74F31F-8D9D-4E35-82A9-50D16B1B5EA3}
		{73621DB4-E32F-477B-86BB-9C03C048F1EA} = {9F74F31F-8D9D-4E35-82A9-50D16B1B5EA3}
	EndGlobalSection
	GlobalSection(ExtensibilityGlobals) = postSolution
		SolutionGuid = {0EBF82F3-30A6-4BCC-950A-360C126FC118}
	EndGlobalSection
EndGlobal
