
Microsoft Visual Studio Solution File, Format Version 12.00
# Visual Studio Version 17
VisualStudioVersion = 17.3.32819.101
MinimumVisualStudioVersion = 10.0.40219.1
Project("{2150E333-8FDC-42A3-9474-1A3956D46DE8}") = "Client", "Client", "{9F74F31F-8D9D-4E35-82A9-50D16B1B5EA3}"
EndProject
Project("{2150E333-8FDC-42A3-9474-1A3956D46DE8}") = "Devices", "Devices", "{B93FAB57-EB95-4516-9132-A584BA674458}"
EndProject
Project("{2150E333-8FDC-42A3-9474-1A3956D46DE8}") = "Copilot", "Copilot", "{239CCEB2-7AA4-4250-BDE5-2120D3832DBF}"
EndProject
Project("{2150E333-8FDC-42A3-9474-1A3956D46DE8}") = "Common", "Common", "{8EF77FC4-6C54-4F46-8957-E23E5E58E847}"
EndProject
Project("{2150E333-8FDC-42A3-9474-1A3956D46DE8}") = "Modules", "Modules", "{2D27EB5D-BA3F-437E-89F7-C26DDD00F441}"
EndProject
Project("{9A19103F-16F7-4668-BE54-9A1E7A4F7556}") = "Verdure.Braincase.Core", "src\Common\Verdure.Braincase.Core\Verdure.Braincase.Core.csproj", "{DEAFFCAA-BA48-4896-BAF6-AFABE64E287D}"
EndProject
Project("{9A19103F-16F7-4668-BE54-9A1E7A4F7556}") = "Verdure.NotificationArea", "src\Common\Verdure.NotificationArea\Verdure.NotificationArea.csproj", "{373B75D9-E787-440C-870E-0FC7FDF4A4AE}"
EndProject
Project("{9A19103F-16F7-4668-BE54-9A1E7A4F7556}") = "Verdure.Braincase.DataStorage", "src\Common\Verdure.Braincase.DataStorage\Verdure.Braincase.DataStorage.csproj", "{69D4FB58-713D-4C2F-B5C0-5FB3A88EA1B9}"
EndProject
Project("{9A19103F-16F7-4668-BE54-9A1E7A4F7556}") = "ElectronBot.DotNet", "src\Devices\ElectronBot.DotNet\ElectronBot.DotNet.csproj", "{0630C3B6-2360-4238-B26C-3D2CB585FEEB}"
EndProject
Project("{9A19103F-16F7-4668-BE54-9A1E7A4F7556}") = "ElectronBot.DotNet.LibUsb", "src\Devices\ElectronBot.DotNet.LibUsb\ElectronBot.DotNet.LibUsb.csproj", "{B56BB692-1719-4F14-9198-03AD525A147F}"
EndProject
Project("{9A19103F-16F7-4668-BE54-9A1E7A4F7556}") = "ElectronBot.DotNet.WinUsb", "src\Devices\ElectronBot.DotNet.WinUsb\ElectronBot.DotNet.WinUsb.csproj", "{872738AA-BE0C-46A5-8EA9-488EA78B5B07}"
EndProject
Project("{9A19103F-16F7-4668-BE54-9A1E7A4F7556}") = "HelloWordKeyboard.DotNet", "src\Devices\HelloWordKeyboard.DotNet\HelloWordKeyboard.DotNet.csproj", "{47A85D14-24F2-4EF4-92A7-88D17FF30F0D}"
EndProject
Project("{9A19103F-16F7-4668-BE54-9A1E7A4F7556}") = "HelloWordKeyboard.ConsoleApp", "src\Devices\HelloWordKeyboard.ConsoleApp\HelloWordKeyboard.ConsoleApp.csproj", "{9F8557E8-5BA6-473E-8AA3-8AE4F0DB1290}"
EndProject
Project("{9A19103F-16F7-4668-BE54-9A1E7A4F7556}") = "Verdure.Braincase.Copilot.Plugin", "src\Modules\Verdure.Braincase.Copilot.Plugin\Verdure.Braincase.Copilot.Plugin.csproj", "{24BC5F69-F24E-4FF9-AEC3-C7E79735EB22}"
EndProject
Project("{9A19103F-16F7-4668-BE54-9A1E7A4F7556}") = "Verdure.IoT.Net", "src\Modules\Verdure.IoT.Net\Verdure.IoT.Net.csproj", "{92964B36-7D79-4A2A-8AE4-A5AD9BF4AE78}"
EndProject
Project("{9A19103F-16F7-4668-BE54-9A1E7A4F7556}") = "Verdure.Braincase.Controls", "src\Modules\Verdure.Braincase.Controls\Verdure.Braincase.Controls.csproj", "{4B01EBFA-6F77-4041-9D71-51FE65047539}"
EndProject
Project("{9A19103F-16F7-4668-BE54-9A1E7A4F7556}") = "GestureClassification", "src\Modules\GestureClassification\GestureClassification.csproj", "{4A7D570D-571A-46A0-96AC-93315F3E9DF8}"
EndProject
Project("{9A19103F-16F7-4668-BE54-9A1E7A4F7556}") = "Mediapipe.Net", "src\Modules\Mediapipe.Net\Mediapipe.Net.csproj", "{4FEDD4F8-4B4B-45C0-AAEE-CC42FBEC6440}"
EndProject
Project("{9A19103F-16F7-4668-BE54-9A1E7A4F7556}") = "Verdure.Braincase", "src\Verdure.Braincase\Verdure.Braincase.csproj", "{7FE94090-5A43-44A1-BE77-D125D52FE5BA}"
EndProject
Project("{9A19103F-16F7-4668-BE54-9A1E7A4F7556}") = "Verdure.Braincase.WinUI.Common", "src\Common\Verdure.Braincase.WinUI.Common\Verdure.Braincase.WinUI.Common.csproj", "{F9CEB12D-E83C-4BE8-83E3-5DE633442ED4}"
EndProject
Project("{9A19103F-16F7-4668-BE54-9A1E7A4F7556}") = "Verdure.Braincase.Copilot", "src\Modules\Verdure.Braincase.Copilot\Verdure.Braincase.Copilot.csproj", "{DB03A520-6BCA-4DCF-AD4B-35CB0293BADF}"
EndProject
Global
	GlobalSection(SolutionConfigurationPlatforms) = preSolution
		Debug|Any CPU = Debug|Any CPU
		Debug|arm64 = Debug|arm64
		Debug|x64 = Debug|x64
		Debug|x86 = Debug|x86
		Release|Any CPU = Release|Any CPU
		Release|arm64 = Release|arm64
		Release|x64 = Release|x64
		Release|x86 = Release|x86
	EndGlobalSection
	GlobalSection(ProjectConfigurationPlatforms) = postSolution
		{DEAFFCAA-BA48-4896-BAF6-AFABE64E287D}.Debug|Any CPU.ActiveCfg = Debug|Any CPU
		{DEAFFCAA-BA48-4896-BAF6-AFABE64E287D}.Debug|Any CPU.Build.0 = Debug|Any CPU
		{DEAFFCAA-BA48-4896-BAF6-AFABE64E287D}.Debug|arm64.ActiveCfg = Debug|arm64
		{DEAFFCAA-BA48-4896-BAF6-AFABE64E287D}.Debug|arm64.Build.0 = Debug|arm64
		{DEAFFCAA-BA48-4896-BAF6-AFABE64E287D}.Debug|x64.ActiveCfg = Debug|x64
		{DEAFFCAA-BA48-4896-BAF6-AFABE64E287D}.Debug|x64.Build.0 = Debug|x64
		{DEAFFCAA-BA48-4896-BAF6-AFABE64E287D}.Debug|x86.ActiveCfg = Debug|x86
		{DEAFFCAA-BA48-4896-BAF6-AFABE64E287D}.Debug|x86.Build.0 = Debug|x86
		{DEAFFCAA-BA48-4896-BAF6-AFABE64E287D}.Release|Any CPU.ActiveCfg = Release|Any CPU
		{DEAFFCAA-BA48-4896-BAF6-AFABE64E287D}.Release|Any CPU.Build.0 = Release|Any CPU
		{DEAFFCAA-BA48-4896-BAF6-AFABE64E287D}.Release|arm64.ActiveCfg = Release|arm64
		{DEAFFCAA-BA48-4896-BAF6-AFABE64E287D}.Release|arm64.Build.0 = Release|arm64
		{DEAFFCAA-BA48-4896-BAF6-AFABE64E287D}.Release|x64.ActiveCfg = Release|x64
		{DEAFFCAA-BA48-4896-BAF6-AFABE64E287D}.Release|x64.Build.0 = Release|x64
		{DEAFFCAA-BA48-4896-BAF6-AFABE64E287D}.Release|x86.ActiveCfg = Release|x86
		{DEAFFCAA-BA48-4896-BAF6-AFABE64E287D}.Release|x86.Build.0 = Release|x86
		{373B75D9-E787-440C-870E-0FC7FDF4A4AE}.Debug|Any CPU.ActiveCfg = Debug|Any CPU
		{373B75D9-E787-440C-870E-0FC7FDF4A4AE}.Debug|Any CPU.Build.0 = Debug|Any CPU
		{373B75D9-E787-440C-870E-0FC7FDF4A4AE}.Debug|arm64.ActiveCfg = Debug|Any CPU
		{373B75D9-E787-440C-870E-0FC7FDF4A4AE}.Debug|arm64.Build.0 = Debug|Any CPU
		{373B75D9-E787-440C-870E-0FC7FDF4A4AE}.Debug|x64.ActiveCfg = Debug|Any CPU
		{373B75D9-E787-440C-870E-0FC7FDF4A4AE}.Debug|x64.Build.0 = Debug|Any CPU
		{373B75D9-E787-440C-870E-0FC7FDF4A4AE}.Debug|x86.ActiveCfg = Debug|Any CPU
		{373B75D9-E787-440C-870E-0FC7FDF4A4AE}.Debug|x86.Build.0 = Debug|Any CPU
		{373B75D9-E787-440C-870E-0FC7FDF4A4AE}.Release|Any CPU.ActiveCfg = Release|Any CPU
		{373B75D9-E787-440C-870E-0FC7FDF4A4AE}.Release|Any CPU.Build.0 = Release|Any CPU
		{373B75D9-E787-440C-870E-0FC7FDF4A4AE}.Release|arm64.ActiveCfg = Release|Any CPU
		{373B75D9-E787-440C-870E-0FC7FDF4A4AE}.Release|arm64.Build.0 = Release|Any CPU
		{373B75D9-E787-440C-870E-0FC7FDF4A4AE}.Release|x64.ActiveCfg = Release|Any CPU
		{373B75D9-E787-440C-870E-0FC7FDF4A4AE}.Release|x64.Build.0 = Release|Any CPU
		{373B75D9-E787-440C-870E-0FC7FDF4A4AE}.Release|x86.ActiveCfg = Release|Any CPU
		{373B75D9-E787-440C-870E-0FC7FDF4A4AE}.Release|x86.Build.0 = Release|Any CPU
		{69D4FB58-713D-4C2F-B5C0-5FB3A88EA1B9}.Debug|Any CPU.ActiveCfg = Debug|Any CPU
		{69D4FB58-713D-4C2F-B5C0-5FB3A88EA1B9}.Debug|Any CPU.Build.0 = Debug|Any CPU
		{69D4FB58-713D-4C2F-B5C0-5FB3A88EA1B9}.Debug|arm64.ActiveCfg = Debug|Any CPU
		{69D4FB58-713D-4C2F-B5C0-5FB3A88EA1B9}.Debug|arm64.Build.0 = Debug|Any CPU
		{69D4FB58-713D-4C2F-B5C0-5FB3A88EA1B9}.Debug|x64.ActiveCfg = Debug|Any CPU
		{69D4FB58-713D-4C2F-B5C0-5FB3A88EA1B9}.Debug|x64.Build.0 = Debug|Any CPU
		{69D4FB58-713D-4C2F-B5C0-5FB3A88EA1B9}.Debug|x86.ActiveCfg = Debug|Any CPU
		{69D4FB58-713D-4C2F-B5C0-5FB3A88EA1B9}.Debug|x86.Build.0 = Debug|Any CPU
		{69D4FB58-713D-4C2F-B5C0-5FB3A88EA1B9}.Release|Any CPU.ActiveCfg = Release|Any CPU
		{69D4FB58-713D-4C2F-B5C0-5FB3A88EA1B9}.Release|Any CPU.Build.0 = Release|Any CPU
		{69D4FB58-713D-4C2F-B5C0-5FB3A88EA1B9}.Release|arm64.ActiveCfg = Release|Any CPU
		{69D4FB58-713D-4C2F-B5C0-5FB3A88EA1B9}.Release|arm64.Build.0 = Release|Any CPU
		{69D4FB58-713D-4C2F-B5C0-5FB3A88EA1B9}.Release|x64.ActiveCfg = Release|Any CPU
		{69D4FB58-713D-4C2F-B5C0-5FB3A88EA1B9}.Release|x64.Build.0 = Release|Any CPU
		{69D4FB58-713D-4C2F-B5C0-5FB3A88EA1B9}.Release|x86.ActiveCfg = Release|Any CPU
		{69D4FB58-713D-4C2F-B5C0-5FB3A88EA1B9}.Release|x86.Build.0 = Release|Any CPU
		{0630C3B6-2360-4238-B26C-3D2CB585FEEB}.Debug|Any CPU.ActiveCfg = Debug|Any CPU
		{0630C3B6-2360-4238-B26C-3D2CB585FEEB}.Debug|Any CPU.Build.0 = Debug|Any CPU
		{0630C3B6-2360-4238-B26C-3D2CB585FEEB}.Debug|arm64.ActiveCfg = Debug|Any CPU
		{0630C3B6-2360-4238-B26C-3D2CB585FEEB}.Debug|arm64.Build.0 = Debug|Any CPU
		{0630C3B6-2360-4238-B26C-3D2CB585FEEB}.Debug|x64.ActiveCfg = Debug|Any CPU
		{0630C3B6-2360-4238-B26C-3D2CB585FEEB}.Debug|x64.Build.0 = Debug|Any CPU
		{0630C3B6-2360-4238-B26C-3D2CB585FEEB}.Debug|x86.ActiveCfg = Debug|Any CPU
		{0630C3B6-2360-4238-B26C-3D2CB585FEEB}.Debug|x86.Build.0 = Debug|Any CPU
		{0630C3B6-2360-4238-B26C-3D2CB585FEEB}.Release|Any CPU.ActiveCfg = Release|Any CPU
		{0630C3B6-2360-4238-B26C-3D2CB585FEEB}.Release|Any CPU.Build.0 = Release|Any CPU
		{0630C3B6-2360-4238-B26C-3D2CB585FEEB}.Release|arm64.ActiveCfg = Release|Any CPU
		{0630C3B6-2360-4238-B26C-3D2CB585FEEB}.Release|arm64.Build.0 = Release|Any CPU
		{0630C3B6-2360-4238-B26C-3D2CB585FEEB}.Release|x64.ActiveCfg = Release|Any CPU
		{0630C3B6-2360-4238-B26C-3D2CB585FEEB}.Release|x64.Build.0 = Release|Any CPU
		{0630C3B6-2360-4238-B26C-3D2CB585FEEB}.Release|x86.ActiveCfg = Release|Any CPU
		{0630C3B6-2360-4238-B26C-3D2CB585FEEB}.Release|x86.Build.0 = Release|Any CPU
		{B56BB692-1719-4F14-9198-03AD525A147F}.Debug|Any CPU.ActiveCfg = Debug|Any CPU
		{B56BB692-1719-4F14-9198-03AD525A147F}.Debug|Any CPU.Build.0 = Debug|Any CPU
		{B56BB692-1719-4F14-9198-03AD525A147F}.Debug|arm64.ActiveCfg = Debug|Any CPU
		{B56BB692-1719-4F14-9198-03AD525A147F}.Debug|arm64.Build.0 = Debug|Any CPU
		{B56BB692-1719-4F14-9198-03AD525A147F}.Debug|x64.ActiveCfg = Debug|Any CPU
		{B56BB692-1719-4F14-9198-03AD525A147F}.Debug|x64.Build.0 = Debug|Any CPU
		{B56BB692-1719-4F14-9198-03AD525A147F}.Debug|x86.ActiveCfg = Debug|Any CPU
		{B56BB692-1719-4F14-9198-03AD525A147F}.Debug|x86.Build.0 = Debug|Any CPU
		{B56BB692-1719-4F14-9198-03AD525A147F}.Release|Any CPU.ActiveCfg = Release|Any CPU
		{B56BB692-1719-4F14-9198-03AD525A147F}.Release|Any CPU.Build.0 = Release|Any CPU
		{B56BB692-1719-4F14-9198-03AD525A147F}.Release|arm64.ActiveCfg = Release|Any CPU
		{B56BB692-1719-4F14-9198-03AD525A147F}.Release|arm64.Build.0 = Release|Any CPU
		{B56BB692-1719-4F14-9198-03AD525A147F}.Release|x64.ActiveCfg = Release|Any CPU
		{B56BB692-1719-4F14-9198-03AD525A147F}.Release|x64.Build.0 = Release|Any CPU
		{B56BB692-1719-4F14-9198-03AD525A147F}.Release|x86.ActiveCfg = Release|Any CPU
		{B56BB692-1719-4F14-9198-03AD525A147F}.Release|x86.Build.0 = Release|Any CPU
		{872738AA-BE0C-46A5-8EA9-488EA78B5B07}.Debug|Any CPU.ActiveCfg = Debug|Any CPU
		{872738AA-BE0C-46A5-8EA9-488EA78B5B07}.Debug|Any CPU.Build.0 = Debug|Any CPU
		{872738AA-BE0C-46A5-8EA9-488EA78B5B07}.Debug|arm64.ActiveCfg = Debug|Any CPU
		{872738AA-BE0C-46A5-8EA9-488EA78B5B07}.Debug|arm64.Build.0 = Debug|Any CPU
		{872738AA-BE0C-46A5-8EA9-488EA78B5B07}.Debug|x64.ActiveCfg = Debug|Any CPU
		{872738AA-BE0C-46A5-8EA9-488EA78B5B07}.Debug|x64.Build.0 = Debug|Any CPU
		{872738AA-BE0C-46A5-8EA9-488EA78B5B07}.Debug|x86.ActiveCfg = Debug|Any CPU
		{872738AA-BE0C-46A5-8EA9-488EA78B5B07}.Debug|x86.Build.0 = Debug|Any CPU
		{872738AA-BE0C-46A5-8EA9-488EA78B5B07}.Release|Any CPU.ActiveCfg = Release|Any CPU
		{872738AA-BE0C-46A5-8EA9-488EA78B5B07}.Release|Any CPU.Build.0 = Release|Any CPU
		{872738AA-BE0C-46A5-8EA9-488EA78B5B07}.Release|arm64.ActiveCfg = Release|Any CPU
		{872738AA-BE0C-46A5-8EA9-488EA78B5B07}.Release|arm64.Build.0 = Release|Any CPU
		{872738AA-BE0C-46A5-8EA9-488EA78B5B07}.Release|x64.ActiveCfg = Release|Any CPU
		{872738AA-BE0C-46A5-8EA9-488EA78B5B07}.Release|x64.Build.0 = Release|Any CPU
		{872738AA-BE0C-46A5-8EA9-488EA78B5B07}.Release|x86.ActiveCfg = Release|Any CPU
		{872738AA-BE0C-46A5-8EA9-488EA78B5B07}.Release|x86.Build.0 = Release|Any CPU
		{47A85D14-24F2-4EF4-92A7-88D17FF30F0D}.Debug|Any CPU.ActiveCfg = Debug|Any CPU
		{47A85D14-24F2-4EF4-92A7-88D17FF30F0D}.Debug|Any CPU.Build.0 = Debug|Any CPU
		{47A85D14-24F2-4EF4-92A7-88D17FF30F0D}.Debug|arm64.ActiveCfg = Debug|Any CPU
		{47A85D14-24F2-4EF4-92A7-88D17FF30F0D}.Debug|arm64.Build.0 = Debug|Any CPU
		{47A85D14-24F2-4EF4-92A7-88D17FF30F0D}.Debug|x64.ActiveCfg = Debug|Any CPU
		{47A85D14-24F2-4EF4-92A7-88D17FF30F0D}.Debug|x64.Build.0 = Debug|Any CPU
		{47A85D14-24F2-4EF4-92A7-88D17FF30F0D}.Debug|x86.ActiveCfg = Debug|Any CPU
		{47A85D14-24F2-4EF4-92A7-88D17FF30F0D}.Debug|x86.Build.0 = Debug|Any CPU
		{47A85D14-24F2-4EF4-92A7-88D17FF30F0D}.Release|Any CPU.ActiveCfg = Release|Any CPU
		{47A85D14-24F2-4EF4-92A7-88D17FF30F0D}.Release|Any CPU.Build.0 = Release|Any CPU
		{47A85D14-24F2-4EF4-92A7-88D17FF30F0D}.Release|arm64.ActiveCfg = Release|Any CPU
		{47A85D14-24F2-4EF4-92A7-88D17FF30F0D}.Release|arm64.Build.0 = Release|Any CPU
		{47A85D14-24F2-4EF4-92A7-88D17FF30F0D}.Release|x64.ActiveCfg = Release|Any CPU
		{47A85D14-24F2-4EF4-92A7-88D17FF30F0D}.Release|x64.Build.0 = Release|Any CPU
		{47A85D14-24F2-4EF4-92A7-88D17FF30F0D}.Release|x86.ActiveCfg = Release|Any CPU
		{47A85D14-24F2-4EF4-92A7-88D17FF30F0D}.Release|x86.Build.0 = Release|Any CPU
		{9F8557E8-5BA6-473E-8AA3-8AE4F0DB1290}.Debug|Any CPU.ActiveCfg = Debug|Any CPU
		{9F8557E8-5BA6-473E-8AA3-8AE4F0DB1290}.Debug|Any CPU.Build.0 = Debug|Any CPU
		{9F8557E8-5BA6-473E-8AA3-8AE4F0DB1290}.Debug|arm64.ActiveCfg = Debug|Any CPU
		{9F8557E8-5BA6-473E-8AA3-8AE4F0DB1290}.Debug|arm64.Build.0 = Debug|Any CPU
		{9F8557E8-5BA6-473E-8AA3-8AE4F0DB1290}.Debug|x64.ActiveCfg = Debug|Any CPU
		{9F8557E8-5BA6-473E-8AA3-8AE4F0DB1290}.Debug|x64.Build.0 = Debug|Any CPU
		{9F8557E8-5BA6-473E-8AA3-8AE4F0DB1290}.Debug|x86.ActiveCfg = Debug|Any CPU
		{9F8557E8-5BA6-473E-8AA3-8AE4F0DB1290}.Debug|x86.Build.0 = Debug|Any CPU
		{9F8557E8-5BA6-473E-8AA3-8AE4F0DB1290}.Release|Any CPU.ActiveCfg = Release|Any CPU
		{9F8557E8-5BA6-473E-8AA3-8AE4F0DB1290}.Release|Any CPU.Build.0 = Release|Any CPU
		{9F8557E8-5BA6-473E-8AA3-8AE4F0DB1290}.Release|arm64.ActiveCfg = Release|Any CPU
		{9F8557E8-5BA6-473E-8AA3-8AE4F0DB1290}.Release|arm64.Build.0 = Release|Any CPU
		{9F8557E8-5BA6-473E-8AA3-8AE4F0DB1290}.Release|x64.ActiveCfg = Release|Any CPU
		{9F8557E8-5BA6-473E-8AA3-8AE4F0DB1290}.Release|x64.Build.0 = Release|Any CPU
		{9F8557E8-5BA6-473E-8AA3-8AE4F0DB1290}.Release|x86.ActiveCfg = Release|Any CPU
		{9F8557E8-5BA6-473E-8AA3-8AE4F0DB1290}.Release|x86.Build.0 = Release|Any CPU
		{24BC5F69-F24E-4FF9-AEC3-C7E79735EB22}.Debug|Any CPU.ActiveCfg = Debug|Any CPU
		{24BC5F69-F24E-4FF9-AEC3-C7E79735EB22}.Debug|Any CPU.Build.0 = Debug|Any CPU
		{24BC5F69-F24E-4FF9-AEC3-C7E79735EB22}.Debug|arm64.ActiveCfg = Debug|Any CPU
		{24BC5F69-F24E-4FF9-AEC3-C7E79735EB22}.Debug|arm64.Build.0 = Debug|Any CPU
		{24BC5F69-F24E-4FF9-AEC3-C7E79735EB22}.Debug|x64.ActiveCfg = Debug|Any CPU
		{24BC5F69-F24E-4FF9-AEC3-C7E79735EB22}.Debug|x64.Build.0 = Debug|Any CPU
		{24BC5F69-F24E-4FF9-AEC3-C7E79735EB22}.Debug|x86.ActiveCfg = Debug|Any CPU
		{24BC5F69-F24E-4FF9-AEC3-C7E79735EB22}.Debug|x86.Build.0 = Debug|Any CPU
		{24BC5F69-F24E-4FF9-AEC3-C7E79735EB22}.Release|Any CPU.ActiveCfg = Release|Any CPU
		{24BC5F69-F24E-4FF9-AEC3-C7E79735EB22}.Release|Any CPU.Build.0 = Release|Any CPU
		{24BC5F69-F24E-4FF9-AEC3-C7E79735EB22}.Release|arm64.ActiveCfg = Release|Any CPU
		{24BC5F69-F24E-4FF9-AEC3-C7E79735EB22}.Release|arm64.Build.0 = Release|Any CPU
		{24BC5F69-F24E-4FF9-AEC3-C7E79735EB22}.Release|x64.ActiveCfg = Release|Any CPU
		{24BC5F69-F24E-4FF9-AEC3-C7E79735EB22}.Release|x64.Build.0 = Release|Any CPU
		{24BC5F69-F24E-4FF9-AEC3-C7E79735EB22}.Release|x86.ActiveCfg = Release|Any CPU
		{24BC5F69-F24E-4FF9-AEC3-C7E79735EB22}.Release|x86.Build.0 = Release|Any CPU
		{92964B36-7D79-4A2A-8AE4-A5AD9BF4AE78}.Debug|Any CPU.ActiveCfg = Debug|Any CPU
		{92964B36-7D79-4A2A-8AE4-A5AD9BF4AE78}.Debug|Any CPU.Build.0 = Debug|Any CPU
		{92964B36-7D79-4A2A-8AE4-A5AD9BF4AE78}.Debug|arm64.ActiveCfg = Debug|Any CPU
		{92964B36-7D79-4A2A-8AE4-A5AD9BF4AE78}.Debug|arm64.Build.0 = Debug|Any CPU
		{92964B36-7D79-4A2A-8AE4-A5AD9BF4AE78}.Debug|x64.ActiveCfg = Debug|Any CPU
		{92964B36-7D79-4A2A-8AE4-A5AD9BF4AE78}.Debug|x64.Build.0 = Debug|Any CPU
		{92964B36-7D79-4A2A-8AE4-A5AD9BF4AE78}.Debug|x86.ActiveCfg = Debug|Any CPU
		{92964B36-7D79-4A2A-8AE4-A5AD9BF4AE78}.Debug|x86.Build.0 = Debug|Any CPU
		{92964B36-7D79-4A2A-8AE4-A5AD9BF4AE78}.Release|Any CPU.ActiveCfg = Release|Any CPU
		{92964B36-7D79-4A2A-8AE4-A5AD9BF4AE78}.Release|Any CPU.Build.0 = Release|Any CPU
		{92964B36-7D79-4A2A-8AE4-A5AD9BF4AE78}.Release|arm64.ActiveCfg = Release|Any CPU
		{92964B36-7D79-4A2A-8AE4-A5AD9BF4AE78}.Release|arm64.Build.0 = Release|Any CPU
		{92964B36-7D79-4A2A-8AE4-A5AD9BF4AE78}.Release|x64.ActiveCfg = Release|Any CPU
		{92964B36-7D79-4A2A-8AE4-A5AD9BF4AE78}.Release|x64.Build.0 = Release|Any CPU
		{92964B36-7D79-4A2A-8AE4-A5AD9BF4AE78}.Release|x86.ActiveCfg = Release|Any CPU
		{92964B36-7D79-4A2A-8AE4-A5AD9BF4AE78}.Release|x86.Build.0 = Release|Any CPU
		{4B01EBFA-6F77-4041-9D71-51FE65047539}.Debug|Any CPU.ActiveCfg = Debug|Any CPU
		{4B01EBFA-6F77-4041-9D71-51FE65047539}.Debug|Any CPU.Build.0 = Debug|Any CPU
		{4B01EBFA-6F77-4041-9D71-51FE65047539}.Debug|arm64.ActiveCfg = Debug|Any CPU
		{4B01EBFA-6F77-4041-9D71-51FE65047539}.Debug|arm64.Build.0 = Debug|Any CPU
		{4B01EBFA-6F77-4041-9D71-51FE65047539}.Debug|x64.ActiveCfg = Debug|Any CPU
		{4B01EBFA-6F77-4041-9D71-51FE65047539}.Debug|x64.Build.0 = Debug|Any CPU
		{4B01EBFA-6F77-4041-9D71-51FE65047539}.Debug|x86.ActiveCfg = Debug|Any CPU
		{4B01EBFA-6F77-4041-9D71-51FE65047539}.Debug|x86.Build.0 = Debug|Any CPU
		{4B01EBFA-6F77-4041-9D71-51FE65047539}.Release|Any CPU.ActiveCfg = Release|Any CPU
		{4B01EBFA-6F77-4041-9D71-51FE65047539}.Release|Any CPU.Build.0 = Release|Any CPU
		{4B01EBFA-6F77-4041-9D71-51FE65047539}.Release|arm64.ActiveCfg = Release|Any CPU
		{4B01EBFA-6F77-4041-9D71-51FE65047539}.Release|arm64.Build.0 = Release|Any CPU
		{4B01EBFA-6F77-4041-9D71-51FE65047539}.Release|x64.ActiveCfg = Release|Any CPU
		{4B01EBFA-6F77-4041-9D71-51FE65047539}.Release|x64.Build.0 = Release|Any CPU
		{4B01EBFA-6F77-4041-9D71-51FE65047539}.Release|x86.ActiveCfg = Release|Any CPU
		{4B01EBFA-6F77-4041-9D71-51FE65047539}.Release|x86.Build.0 = Release|Any CPU
		{4A7D570D-571A-46A0-96AC-93315F3E9DF8}.Debug|Any CPU.ActiveCfg = Debug|Any CPU
		{4A7D570D-571A-46A0-96AC-93315F3E9DF8}.Debug|Any CPU.Build.0 = Debug|Any CPU
		{4A7D570D-571A-46A0-96AC-93315F3E9DF8}.Debug|arm64.ActiveCfg = Debug|Any CPU
		{4A7D570D-571A-46A0-96AC-93315F3E9DF8}.Debug|arm64.Build.0 = Debug|Any CPU
		{4A7D570D-571A-46A0-96AC-93315F3E9DF8}.Debug|x64.ActiveCfg = Debug|Any CPU
		{4A7D570D-571A-46A0-96AC-93315F3E9DF8}.Debug|x64.Build.0 = Debug|Any CPU
		{4A7D570D-571A-46A0-96AC-93315F3E9DF8}.Debug|x86.ActiveCfg = Debug|Any CPU
		{4A7D570D-571A-46A0-96AC-93315F3E9DF8}.Debug|x86.Build.0 = Debug|Any CPU
		{4A7D570D-571A-46A0-96AC-93315F3E9DF8}.Release|Any CPU.ActiveCfg = Release|Any CPU
		{4A7D570D-571A-46A0-96AC-93315F3E9DF8}.Release|Any CPU.Build.0 = Release|Any CPU
		{4A7D570D-571A-46A0-96AC-93315F3E9DF8}.Release|arm64.ActiveCfg = Release|Any CPU
		{4A7D570D-571A-46A0-96AC-93315F3E9DF8}.Release|arm64.Build.0 = Release|Any CPU
		{4A7D570D-571A-46A0-96AC-93315F3E9DF8}.Release|x64.ActiveCfg = Release|Any CPU
		{4A7D570D-571A-46A0-96AC-93315F3E9DF8}.Release|x64.Build.0 = Release|Any CPU
		{4A7D570D-571A-46A0-96AC-93315F3E9DF8}.Release|x86.ActiveCfg = Release|Any CPU
		{4A7D570D-571A-46A0-96AC-93315F3E9DF8}.Release|x86.Build.0 = Release|Any CPU
		{4FEDD4F8-4B4B-45C0-AAEE-CC42FBEC6440}.Debug|Any CPU.ActiveCfg = Debug|Any CPU
		{4FEDD4F8-4B4B-45C0-AAEE-CC42FBEC6440}.Debug|Any CPU.Build.0 = Debug|Any CPU
		{4FEDD4F8-4B4B-45C0-AAEE-CC42FBEC6440}.Debug|arm64.ActiveCfg = Debug|Any CPU
		{4FEDD4F8-4B4B-45C0-AAEE-CC42FBEC6440}.Debug|arm64.Build.0 = Debug|Any CPU
		{4FEDD4F8-4B4B-45C0-AAEE-CC42FBEC6440}.Debug|x64.ActiveCfg = Debug|Any CPU
		{4FEDD4F8-4B4B-45C0-AAEE-CC42FBEC6440}.Debug|x64.Build.0 = Debug|Any CPU
		{4FEDD4F8-4B4B-45C0-AAEE-CC42FBEC6440}.Debug|x86.ActiveCfg = Debug|Any CPU
		{4FEDD4F8-4B4B-45C0-AAEE-CC42FBEC6440}.Debug|x86.Build.0 = Debug|Any CPU
		{4FEDD4F8-4B4B-45C0-AAEE-CC42FBEC6440}.Release|Any CPU.ActiveCfg = Release|Any CPU
		{4FEDD4F8-4B4B-45C0-AAEE-CC42FBEC6440}.Release|Any CPU.Build.0 = Release|Any CPU
		{4FEDD4F8-4B4B-45C0-AAEE-CC42FBEC6440}.Release|arm64.ActiveCfg = Release|Any CPU
		{4FEDD4F8-4B4B-45C0-AAEE-CC42FBEC6440}.Release|arm64.Build.0 = Release|Any CPU
		{4FEDD4F8-4B4B-45C0-AAEE-CC42FBEC6440}.Release|x64.ActiveCfg = Release|Any CPU
		{4FEDD4F8-4B4B-45C0-AAEE-CC42FBEC6440}.Release|x64.Build.0 = Release|Any CPU
		{4FEDD4F8-4B4B-45C0-AAEE-CC42FBEC6440}.Release|x86.ActiveCfg = Release|Any CPU
		{4FEDD4F8-4B4B-45C0-AAEE-CC42FBEC6440}.Release|x86.Build.0 = Release|Any CPU
		{7FE94090-5A43-44A1-BE77-D125D52FE5BA}.Debug|Any CPU.ActiveCfg = Debug|x64
		{7FE94090-5A43-44A1-BE77-D125D52FE5BA}.Debug|Any CPU.Build.0 = Debug|x64
		{7FE94090-5A43-44A1-BE77-D125D52FE5BA}.Debug|Any CPU.Deploy.0 = Debug|x64
		{7FE94090-5A43-44A1-BE77-D125D52FE5BA}.Debug|arm64.ActiveCfg = Debug|arm64
		{7FE94090-5A43-44A1-BE77-D125D52FE5BA}.Debug|arm64.Build.0 = Debug|arm64
		{7FE94090-5A43-44A1-BE77-D125D52FE5BA}.Debug|arm64.Deploy.0 = Debug|arm64
		{7FE94090-5A43-44A1-BE77-D125D52FE5BA}.Debug|x64.ActiveCfg = Debug|x64
		{7FE94090-5A43-44A1-BE77-D125D52FE5BA}.Debug|x64.Build.0 = Debug|x64
		{7FE94090-5A43-44A1-BE77-D125D52FE5BA}.Debug|x64.Deploy.0 = Debug|x64
		{7FE94090-5A43-44A1-BE77-D125D52FE5BA}.Debug|x86.ActiveCfg = Debug|x86
		{7FE94090-5A43-44A1-BE77-D125D52FE5BA}.Debug|x86.Build.0 = Debug|x86
		{7FE94090-5A43-44A1-BE77-D125D52FE5BA}.Debug|x86.Deploy.0 = Debug|x86
		{7FE94090-5A43-44A1-BE77-D125D52FE5BA}.Release|Any CPU.ActiveCfg = Release|x64
		{7FE94090-5A43-44A1-BE77-D125D52FE5BA}.Release|Any CPU.Build.0 = Release|x64
		{7FE94090-5A43-44A1-BE77-D125D52FE5BA}.Release|Any CPU.Deploy.0 = Release|x64
		{7FE94090-5A43-44A1-BE77-D125D52FE5BA}.Release|arm64.ActiveCfg = Release|arm64
		{7FE94090-5A43-44A1-BE77-D125D52FE5BA}.Release|arm64.Build.0 = Release|arm64
		{7FE94090-5A43-44A1-BE77-D125D52FE5BA}.Release|arm64.Deploy.0 = Release|arm64
		{7FE94090-5A43-44A1-BE77-D125D52FE5BA}.Release|x64.ActiveCfg = Release|x64
		{7FE94090-5A43-44A1-BE77-D125D52FE5BA}.Release|x64.Build.0 = Release|x64
		{7FE94090-5A43-44A1-BE77-D125D52FE5BA}.Release|x64.Deploy.0 = Release|x64
		{7FE94090-5A43-44A1-BE77-D125D52FE5BA}.Release|x86.ActiveCfg = Release|x86
		{7FE94090-5A43-44A1-BE77-D125D52FE5BA}.Release|x86.Build.0 = Release|x86
		{7FE94090-5A43-44A1-BE77-D125D52FE5BA}.Release|x86.Deploy.0 = Release|x86
		{F9CEB12D-E83C-4BE8-83E3-5DE633442ED4}.Debug|Any CPU.ActiveCfg = Debug|Any CPU
		{F9CEB12D-E83C-4BE8-83E3-5DE633442ED4}.Debug|Any CPU.Build.0 = Debug|Any CPU
		{F9CEB12D-E83C-4BE8-83E3-5DE633442ED4}.Debug|arm64.ActiveCfg = Debug|Any CPU
		{F9CEB12D-E83C-4BE8-83E3-5DE633442ED4}.Debug|arm64.Build.0 = Debug|Any CPU
		{F9CEB12D-E83C-4BE8-83E3-5DE633442ED4}.Debug|x64.ActiveCfg = Debug|Any CPU
		{F9CEB12D-E83C-4BE8-83E3-5DE633442ED4}.Debug|x64.Build.0 = Debug|Any CPU
		{F9CEB12D-E83C-4BE8-83E3-5DE633442ED4}.Debug|x86.ActiveCfg = Debug|Any CPU
		{F9CEB12D-E83C-4BE8-83E3-5DE633442ED4}.Debug|x86.Build.0 = Debug|Any CPU
		{F9CEB12D-E83C-4BE8-83E3-5DE633442ED4}.Release|Any CPU.ActiveCfg = Release|Any CPU
		{F9CEB12D-E83C-4BE8-83E3-5DE633442ED4}.Release|Any CPU.Build.0 = Release|Any CPU
		{F9CEB12D-E83C-4BE8-83E3-5DE633442ED4}.Release|arm64.ActiveCfg = Release|Any CPU
		{F9CEB12D-E83C-4BE8-83E3-5DE633442ED4}.Release|arm64.Build.0 = Release|Any CPU
		{F9CEB12D-E83C-4BE8-83E3-5DE633442ED4}.Release|x64.ActiveCfg = Release|Any CPU
		{F9CEB12D-E83C-4BE8-83E3-5DE633442ED4}.Release|x64.Build.0 = Release|Any CPU
		{F9CEB12D-E83C-4BE8-83E3-5DE633442ED4}.Release|x86.ActiveCfg = Release|Any CPU
		{F9CEB12D-E83C-4BE8-83E3-5DE633442ED4}.Release|x86.Build.0 = Release|Any CPU
		{DB03A520-6BCA-4DCF-AD4B-35CB0293BADF}.Debug|Any CPU.ActiveCfg = Debug|Any CPU
		{DB03A520-6BCA-4DCF-AD4B-35CB0293BADF}.Debug|Any CPU.Build.0 = Debug|Any CPU
		{DB03A520-6BCA-4DCF-AD4B-35CB0293BADF}.Debug|arm64.ActiveCfg = Debug|Any CPU
		{DB03A520-6BCA-4DCF-AD4B-35CB0293BADF}.Debug|arm64.Build.0 = Debug|Any CPU
		{DB03A520-6BCA-4DCF-AD4B-35CB0293BADF}.Debug|x64.ActiveCfg = Debug|Any CPU
		{DB03A520-6BCA-4DCF-AD4B-35CB0293BADF}.Debug|x64.Build.0 = Debug|Any CPU
		{DB03A520-6BCA-4DCF-AD4B-35CB0293BADF}.Debug|x86.ActiveCfg = Debug|Any CPU
		{DB03A520-6BCA-4DCF-AD4B-35CB0293BADF}.Debug|x86.Build.0 = Debug|Any CPU
		{DB03A520-6BCA-4DCF-AD4B-35CB0293BADF}.Release|Any CPU.ActiveCfg = Release|Any CPU
		{DB03A520-6BCA-4DCF-AD4B-35CB0293BADF}.Release|Any CPU.Build.0 = Release|Any CPU
		{DB03A520-6BCA-4DCF-AD4B-35CB0293BADF}.Release|arm64.ActiveCfg = Release|Any CPU
		{DB03A520-6BCA-4DCF-AD4B-35CB0293BADF}.Release|arm64.Build.0 = Release|Any CPU
		{DB03A520-6BCA-4DCF-AD4B-35CB0293BADF}.Release|x64.ActiveCfg = Release|Any CPU
		{DB03A520-6BCA-4DCF-AD4B-35CB0293BADF}.Release|x64.Build.0 = Release|Any CPU
		{DB03A520-6BCA-4DCF-AD4B-35CB0293BADF}.Release|x86.ActiveCfg = Release|Any CPU
		{DB03A520-6BCA-4DCF-AD4B-35CB0293BADF}.Release|x86.Build.0 = Release|Any CPU
	EndGlobalSection
	GlobalSection(SolutionProperties) = preSolution
		HideSolutionNode = FALSE
	EndGlobalSection
	GlobalSection(NestedProjects) = preSolution
		{239CCEB2-7AA4-4250-BDE5-2120D3832DBF} = {2D27EB5D-BA3F-437E-89F7-C26DDD00F441}
		{DEAFFCAA-BA48-4896-BAF6-AFABE64E287D} = {8EF77FC4-6C54-4F46-8957-E23E5E58E847}
		{373B75D9-E787-440C-870E-0FC7FDF4A4AE} = {8EF77FC4-6C54-4F46-8957-E23E5E58E847}
		{69D4FB58-713D-4C2F-B5C0-5FB3A88EA1B9} = {8EF77FC4-6C54-4F46-8957-E23E5E58E847}
		{0630C3B6-2360-4238-B26C-3D2CB585FEEB} = {B93FAB57-EB95-4516-9132-A584BA674458}
		{B56BB692-1719-4F14-9198-03AD525A147F} = {B93FAB57-EB95-4516-9132-A584BA674458}
		{872738AA-BE0C-46A5-8EA9-488EA78B5B07} = {B93FAB57-EB95-4516-9132-A584BA674458}
		{47A85D14-24F2-4EF4-92A7-88D17FF30F0D} = {B93FAB57-EB95-4516-9132-A584BA674458}
		{9F8557E8-5BA6-473E-8AA3-8AE4F0DB1290} = {B93FAB57-EB95-4516-9132-A584BA674458}
		{24BC5F69-F24E-4FF9-AEC3-C7E79735EB22} = {239CCEB2-7AA4-4250-BDE5-2120D3832DBF}
		{92964B36-7D79-4A2A-8AE4-A5AD9BF4AE78} = {2D27EB5D-BA3F-437E-89F7-C26DDD00F441}
		{4B01EBFA-6F77-4041-9D71-51FE65047539} = {2D27EB5D-BA3F-437E-89F7-C26DDD00F441}
		{4A7D570D-571A-46A0-96AC-93315F3E9DF8} = {2D27EB5D-BA3F-437E-89F7-C26DDD00F441}
		{4FEDD4F8-4B4B-45C0-AAEE-CC42FBEC6440} = {2D27EB5D-BA3F-437E-89F7-C26DDD00F441}
		{7FE94090-5A43-44A1-BE77-D125D52FE5BA} = {9F74F31F-8D9D-4E35-82A9-50D16B1B5EA3}
		{F9CEB12D-E83C-4BE8-83E3-5DE633442ED4} = {8EF77FC4-6C54-4F46-8957-E23E5E58E847}
		{DB03A520-6BCA-4DCF-AD4B-35CB0293BADF} = {239CCEB2-7AA4-4250-BDE5-2120D3832DBF}
	EndGlobalSection
	GlobalSection(ExtensibilityGlobals) = postSolution
		SolutionGuid = {0EBF82F3-30A6-4BCC-950A-360C126FC118}
	EndGlobalSection
EndGlobal
