
Microsoft Visual Studio Solution File, Format Version 12.00
# Visual Studio Version 17
VisualStudioVersion = 17.3.32819.101
MinimumVisualStudioVersion = 10.0.40219.1
Project("{9A19103F-16F7-4668-BE54-9A1E7A4F7556}") = "ElectronBot.DotNet", "src\ElectronBot.DotNet\ElectronBot.DotNet.csproj", "{8FD16BB5-D953-44CB-8709-A79998337A1C}"
EndProject
Project("{FAE04EC0-301F-11D3-BF4B-00C04F79EFBC}") = "Verdure.ElectronBot.GrpcService", "src\Verdure.ElectronBot.GrpcService\Verdure.ElectronBot.GrpcService.csproj", "{9FE05D7A-FA55-4C77-8CE7-F1EEF3765999}"
EndProject
Global
	GlobalSection(SolutionConfigurationPlatforms) = preSolution
		Debug|Any CPU = Debug|Any CPU
		Debug|arm64 = Debug|arm64
		Debug|x64 = Debug|x64
		Debug|x86 = Debug|x86
		Release|Any CPU = Release|Any CPU
		Release|arm64 = Release|arm64
		Release|x64 = Release|x64
		Release|x86 = Release|x86
	EndGlobalSection
	GlobalSection(ProjectConfigurationPlatforms) = postSolution
		{8FD16BB5-D953-44CB-8709-A79998337A1C}.Debug|Any CPU.ActiveCfg = Debug|Any CPU
		{8FD16BB5-D953-44CB-8709-A79998337A1C}.Debug|Any CPU.Build.0 = Debug|Any CPU
		{8FD16BB5-D953-44CB-8709-A79998337A1C}.Debug|arm64.ActiveCfg = Debug|Any CPU
		{8FD16BB5-D953-44CB-8709-A79998337A1C}.Debug|arm64.Build.0 = Debug|Any CPU
		{8FD16BB5-D953-44CB-8709-A79998337A1C}.Debug|x64.ActiveCfg = Debug|Any CPU
		{8FD16BB5-D953-44CB-8709-A79998337A1C}.Debug|x64.Build.0 = Debug|Any CPU
		{8FD16BB5-D953-44CB-8709-A79998337A1C}.Debug|x86.ActiveCfg = Debug|Any CPU
		{8FD16BB5-D953-44CB-8709-A79998337A1C}.Debug|x86.Build.0 = Debug|Any CPU
		{8FD16BB5-D953-44CB-8709-A79998337A1C}.Release|Any CPU.ActiveCfg = Release|Any CPU
		{8FD16BB5-D953-44CB-8709-A79998337A1C}.Release|Any CPU.Build.0 = Release|Any CPU
		{8FD16BB5-D953-44CB-8709-A79998337A1C}.Release|arm64.ActiveCfg = Release|Any CPU
		{8FD16BB5-D953-44CB-8709-A79998337A1C}.Release|arm64.Build.0 = Release|Any CPU
		{8FD16BB5-D953-44CB-8709-A79998337A1C}.Release|x64.ActiveCfg = Release|Any CPU
		{8FD16BB5-D953-44CB-8709-A79998337A1C}.Release|x64.Build.0 = Release|Any CPU
		{8FD16BB5-D953-44CB-8709-A79998337A1C}.Release|x86.ActiveCfg = Release|Any CPU
		{8FD16BB5-D953-44CB-8709-A79998337A1C}.Release|x86.Build.0 = Release|Any CPU
		{9FE05D7A-FA55-4C77-8CE7-F1EEF3765999}.Debug|Any CPU.ActiveCfg = Debug|Any CPU
		{9FE05D7A-FA55-4C77-8CE7-F1EEF3765999}.Debug|Any CPU.Build.0 = Debug|Any CPU
		{9FE05D7A-FA55-4C77-8CE7-F1EEF3765999}.Debug|arm64.ActiveCfg = Debug|Any CPU
		{9FE05D7A-FA55-4C77-8CE7-F1EEF3765999}.Debug|arm64.Build.0 = Debug|Any CPU
		{9FE05D7A-FA55-4C77-8CE7-F1EEF3765999}.Debug|x64.ActiveCfg = Debug|Any CPU
		{9FE05D7A-FA55-4C77-8CE7-F1EEF3765999}.Debug|x64.Build.0 = Debug|Any CPU
		{9FE05D7A-FA55-4C77-8CE7-F1EEF3765999}.Debug|x86.ActiveCfg = Debug|Any CPU
		{9FE05D7A-FA55-4C77-8CE7-F1EEF3765999}.Debug|x86.Build.0 = Debug|Any CPU
		{9FE05D7A-FA55-4C77-8CE7-F1EEF3765999}.Release|Any CPU.ActiveCfg = Release|Any CPU
		{9FE05D7A-FA55-4C77-8CE7-F1EEF3765999}.Release|Any CPU.Build.0 = Release|Any CPU
		{9FE05D7A-FA55-4C77-8CE7-F1EEF3765999}.Release|arm64.ActiveCfg = Release|Any CPU
		{9FE05D7A-FA55-4C77-8CE7-F1EEF3765999}.Release|arm64.Build.0 = Release|Any CPU
		{9FE05D7A-FA55-4C77-8CE7-F1EEF3765999}.Release|x64.ActiveCfg = Release|Any CPU
		{9FE05D7A-FA55-4C77-8CE7-F1EEF3765999}.Release|x64.Build.0 = Release|Any CPU
		{9FE05D7A-FA55-4C77-8CE7-F1EEF3765999}.Release|x86.ActiveCfg = Release|Any CPU
		{9FE05D7A-FA55-4C77-8CE7-F1EEF3765999}.Release|x86.Build.0 = Release|Any CPU
	EndGlobalSection
	GlobalSection(SolutionProperties) = preSolution
		HideSolutionNode = FALSE
	EndGlobalSection
	GlobalSection(ExtensibilityGlobals) = postSolution
		SolutionGuid = {0EBF82F3-30A6-4BCC-950A-360C126FC118}
	EndGlobalSection
EndGlobal
